
Microsoft Visual Studio Solution File, Format Version 12.00
# Visual Studio Version 17
VisualStudioVersion = 17.2.32616.157
MinimumVisualStudioVersion = 10.0.40219.1
Project("{9A19103F-16F7-4668-BE54-9A1E7A4F7556}") = "PIAF_Interop", "PIAF_Interop\PIAF_Interop.csproj", "{B85FD3E0-CA00-47B5-9166-9E6C5C3801F9}"
EndProject
Project("{9A19103F-16F7-4668-BE54-9A1E7A4F7556}") = "PIAF_Interop.Test", "PIAF_Interop.Test\PIAF_Interop.Test.csproj", "{FF2726F1-5C38-437B-9312-D9362C30577F}"
EndProject
Project("{9A19103F-16F7-4668-BE54-9A1E7A4F7556}") = "Convert_PIAF2OPCUA", "Convert_PIAF2OPCUA\Convert_PIAF2OPCUA.csproj", "{7B253F25-C290-490C-B23B-56051BB75A58}"
EndProject
Project("{9A19103F-16F7-4668-BE54-9A1E7A4F7556}") = "PIAF2OPCUA_WebUI", "PIAF2OPCUA_WebUI\PIAF2OPCUA_WebUI.csproj", "{93718716-2F8C-4621-B021-9389D2DDDDF2}"
EndProject
Global
	GlobalSection(SolutionConfigurationPlatforms) = preSolution
		Debug|Any CPU = Debug|Any CPU
		Release|Any CPU = Release|Any CPU
	EndGlobalSection
	GlobalSection(ProjectConfigurationPlatforms) = postSolution
		{B85FD3E0-CA00-47B5-9166-9E6C5C3801F9}.Debug|Any CPU.ActiveCfg = Debug|Any CPU
		{B85FD3E0-CA00-47B5-9166-9E6C5C3801F9}.Debug|Any CPU.Build.0 = Debug|Any CPU
		{B85FD3E0-CA00-47B5-9166-9E6C5C3801F9}.Release|Any CPU.ActiveCfg = Release|Any CPU
		{B85FD3E0-CA00-47B5-9166-9E6C5C3801F9}.Release|Any CPU.Build.0 = Release|Any CPU
		{FF2726F1-5C38-437B-9312-D9362C30577F}.Debug|Any CPU.ActiveCfg = Debug|Any CPU
		{FF2726F1-5C38-437B-9312-D9362C30577F}.Debug|Any CPU.Build.0 = Debug|Any CPU
		{FF2726F1-5C38-437B-9312-D9362C30577F}.Release|Any CPU.ActiveCfg = Release|Any CPU
		{FF2726F1-5C38-437B-9312-D9362C30577F}.Release|Any CPU.Build.0 = Release|Any CPU
		{7B253F25-C290-490C-B23B-56051BB75A58}.Debug|Any CPU.ActiveCfg = Debug|Any CPU
		{7B253F25-C290-490C-B23B-56051BB75A58}.Debug|Any CPU.Build.0 = Debug|Any CPU
		{7B253F25-C290-490C-B23B-56051BB75A58}.Release|Any CPU.ActiveCfg = Release|Any CPU
		{7B253F25-C290-490C-B23B-56051BB75A58}.Release|Any CPU.Build.0 = Release|Any CPU
		{93718716-2F8C-4621-B021-9389D2DDDDF2}.Debug|Any CPU.ActiveCfg = Debug|Any CPU
		{93718716-2F8C-4621-B021-9389D2DDDDF2}.Debug|Any CPU.Build.0 = Debug|Any CPU
		{93718716-2F8C-4621-B021-9389D2DDDDF2}.Release|Any CPU.ActiveCfg = Release|Any CPU
		{93718716-2F8C-4621-B021-9389D2DDDDF2}.Release|Any CPU.Build.0 = Release|Any CPU
	EndGlobalSection
	GlobalSection(SolutionProperties) = preSolution
		HideSolutionNode = FALSE
	EndGlobalSection
	GlobalSection(ExtensibilityGlobals) = postSolution
		SolutionGuid = {B04A5A56-E27E-42EF-8C15-990AE6A393FF}
	EndGlobalSection
EndGlobal
